github.com/gomcpgo/mcp v1.0.4 h1:+p4rG3B7RN5FOacgU/EuU/RaaMCFl0sfNAH6rFbmKIM=
github.com/gomcpgo/mcp v1.0.4/go.mod h1:zi+z4MqLzykx8/jK/ZraYWgbWTn/D0vMHBg6DBB6JS4=
golang.org/x/oauth2 v0.34.0 h1:hqK/t4AKgbqWkdkcAeI8XLmbK+4m4G5YeQRrmiotGlw=
golang.org/x/oauth2 v0.34.0/go.mod h1:lzm5WQJQwKZ3nwavOZ3IS5Aulzxi68dUSgRHujetwEA=
